
Microsoft Visual Studio Solution File, Format Version 12.00
# Visual Studio 15
VisualStudioVersion = 15.0.28307.421
MinimumVisualStudioVersion = 10.0.40219.1
Project("{8BC9CEB8-8B4A-11D0-8D11-00A0C91BC942}") = "IFC2FPMT", "IFC2FPMT\IFC2FPMT.vcxproj", "{DA459A33-FBBE-4C80-827B-2C36247FEE75}"
EndProject
Global
	GlobalSection(SolutionConfigurationPlatforms) = preSolution
		Debug|x64 = Debug|x64
		Debug|x86 = Debug|x86
		Release|x64 = Release|x64
		Release|x86 = Release|x86
	EndGlobalSection
	GlobalSection(ProjectConfigurationPlatforms) = postSolution
		{DA459A33-FBBE-4C80-827B-2C36247FEE75}.Debug|x64.ActiveCfg = Debug|x64
		{DA459A33-FBBE-4C80-827B-2C36247FEE75}.Debug|x64.Build.0 = Debug|x64
		{DA459A33-FBBE-4C80-827B-2C36247FEE75}.Debug|x86.ActiveCfg = Debug|Win32
		{DA459A33-FBBE-4C80-827B-2C36247FEE75}.Debug|x86.Build.0 = Debug|Win32
		{DA459A33-FBBE-4C80-827B-2C36247FEE75}.Release|x64.ActiveCfg = Release|x64
		{DA459A33-FBBE-4C80-827B-2C36247FEE75}.Release|x64.Build.0 = Release|x64
		{DA459A33-FBBE-4C80-827B-2C36247FEE75}.Release|x86.ActiveCfg = Release|Win32
		{DA459A33-FBBE-4C80-827B-2C36247FEE75}.Release|x86.Build.0 = Release|Win32
	EndGlobalSection
	GlobalSection(SolutionProperties) = preSolution
		HideSolutionNode = FALSE
	EndGlobalSection
	GlobalSection(ExtensibilityGlobals) = postSolution
		SolutionGuid = {6C8B6C49-C97C-4F9B-9CEF-76A78CB89344}
	EndGlobalSection
EndGlobal
